
Microsoft Visual Studio Solution File, Format Version 12.00
# Visual Studio Version 17
VisualStudioVersion = 17.4.33122.133
MinimumVisualStudioVersion = 10.0.40219.1
Project("{FAE04EC0-301F-11D3-BF4B-00C04F79EFBC}") = "FactoryMethodDT", "FactoryMethodDT\FactoryMethodDT.csproj", "{2B93F7C9-9CBC-40C8-BCBE-1AC2B8E13262}"
EndProject
Global
	GlobalSection(SolutionConfigurationPlatforms) = preSolution
		Debug|Any CPU = Debug|Any CPU
		Release|Any CPU = Release|Any CPU
	EndGlobalSection
	GlobalSection(ProjectConfigurationPlatforms) = postSolution
		{2B93F7C9-9CBC-40C8-BCBE-1AC2B8E13262}.Debug|Any CPU.ActiveCfg = Debug|Any CPU
		{2B93F7C9-9CBC-40C8-BCBE-1AC2B8E13262}.Debug|Any CPU.Build.0 = Debug|Any CPU
		{2B93F7C9-9CBC-40C8-BCBE-1AC2B8E13262}.Release|Any CPU.ActiveCfg = Release|Any CPU
		{2B93F7C9-9CBC-40C8-BCBE-1AC2B8E13262}.Release|Any CPU.Build.0 = Release|Any CPU
	EndGlobalSection
	GlobalSection(SolutionProperties) = preSolution
		HideSolutionNode = FALSE
	EndGlobalSection
	GlobalSection(ExtensibilityGlobals) = postSolution
		SolutionGuid = {37397DC9-71D3-4347-ABA2-96A5B5E08899}
	EndGlobalSection
EndGlobal
